// !$*UTF8*$!
{
	archiveVersion = 1;
	classes = {
	};
	objectVersion = 56;
	objects = {

/* Begin PBXBuildFile section */
		A37704D42CAEA926009F6CFF /* SwiftfulThinkingBootcampApp.swift in Sources */ = {isa = PBXBuildFile; fileRef = A37704D32CAEA926009F6CFF /* SwiftfulThinkingBootcampApp.swift */; };
		A37704D62CAEA926009F6CFF /* ContentView.swift in Sources */ = {isa = PBXBuildFile; fileRef = A37704D52CAEA926009F6CFF /* ContentView.swift */; };
		A37704D82CAEA928009F6CFF /* Assets.xcassets in Resources */ = {isa = PBXBuildFile; fileRef = A37704D72CAEA928009F6CFF /* Assets.xcassets */; };
		A37704DB2CAEA928009F6CFF /* Preview Assets.xcassets in Resources */ = {isa = PBXBuildFile; fileRef = A37704DA2CAEA928009F6CFF /* Preview Assets.xcassets */; };
		A37704E22CAEABD1009F6CFF /* TextBootcamp.swift in Sources */ = {isa = PBXBuildFile; fileRef = A37704E12CAEABD1009F6CFF /* TextBootcamp.swift */; };
		A37704E42CAEB758009F6CFF /* ShapesBootcamp.swift in Sources */ = {isa = PBXBuildFile; fileRef = A37704E32CAEB758009F6CFF /* ShapesBootcamp.swift */; };
		A37704E62CAEBB4B009F6CFF /* ColorsBootcamp.swift in Sources */ = {isa = PBXBuildFile; fileRef = A37704E52CAEBB4B009F6CFF /* ColorsBootcamp.swift */; };
		A37704E82CAECB11009F6CFF /* GradientsBootcamp.swift in Sources */ = {isa = PBXBuildFile; fileRef = A37704E72CAECB11009F6CFF /* GradientsBootcamp.swift */; };
		A37704EA2CAECDAB009F6CFF /* StateBootcamp.swift in Sources */ = {isa = PBXBuildFile; fileRef = A37704E92CAECDAB009F6CFF /* StateBootcamp.swift */; };
		A37704EC2CAED51A009F6CFF /* InitializerBootcamp.swift in Sources */ = {isa = PBXBuildFile; fileRef = A37704EB2CAED51A009F6CFF /* InitializerBootcamp.swift */; };
		A381C5CD2CAFE04F001BB6C5 /* ExtractedFunctionsBootcamp.swift in Sources */ = {isa = PBXBuildFile; fileRef = A381C5CC2CAFE04F001BB6C5 /* ExtractedFunctionsBootcamp.swift */; };
		A381C5CF2CAFE60D001BB6C5 /* ExtractSubViewsBootcamp.swift in Sources */ = {isa = PBXBuildFile; fileRef = A381C5CE2CAFE60D001BB6C5 /* ExtractSubViewsBootcamp.swift */; };
		A381C5D12CAFEBB9001BB6C5 /* BindingBootcamp.swift in Sources */ = {isa = PBXBuildFile; fileRef = A381C5D02CAFEBB9001BB6C5 /* BindingBootcamp.swift */; };
		A381C5D32CAFF491001BB6C5 /* AnimationBootcamp.swift in Sources */ = {isa = PBXBuildFile; fileRef = A381C5D22CAFF491001BB6C5 /* AnimationBootcamp.swift */; };
		A381C5D52CAFFF8B001BB6C5 /* AnimationTimingBootcamp.swift in Sources */ = {isa = PBXBuildFile; fileRef = A381C5D42CAFFF8B001BB6C5 /* AnimationTimingBootcamp.swift */; };
		A381C5D72CB01CFA001BB6C5 /* TransitionBootcamp.swift in Sources */ = {isa = PBXBuildFile; fileRef = A381C5D62CB01CFA001BB6C5 /* TransitionBootcamp.swift */; };
		A381C5D92CB02764001BB6C5 /* SheetsBootcamp.swift in Sources */ = {isa = PBXBuildFile; fileRef = A381C5D82CB02764001BB6C5 /* SheetsBootcamp.swift */; };
		A3F1E4992CB3DA3900D21E29 /* ModelBootcamp.swift in Sources */ = {isa = PBXBuildFile; fileRef = A3F1E4982CB3DA3900D21E29 /* ModelBootcamp.swift */; };
		A3F1E49B2CB3F4AB00D21E29 /* ViewModelBootcamp.swift in Sources */ = {isa = PBXBuildFile; fileRef = A3F1E49A2CB3F4AA00D21E29 /* ViewModelBootcamp.swift */; };
		A3F783BB2CB286A7009E2B2E /* NavigationViewBootcamp.swift in Sources */ = {isa = PBXBuildFile; fileRef = A3F783BA2CB286A7009E2B2E /* NavigationViewBootcamp.swift */; };
		A3F783BD2CB29098009E2B2E /* ListBootcamp.swift in Sources */ = {isa = PBXBuildFile; fileRef = A3F783BC2CB29098009E2B2E /* ListBootcamp.swift */; };
		A3F783BF2CB297DE009E2B2E /* TextFieldBootcamp.swift in Sources */ = {isa = PBXBuildFile; fileRef = A3F783BE2CB297DE009E2B2E /* TextFieldBootcamp.swift */; };
		A3F783C12CB2C994009E2B2E /* TabViewBootcamp.swift in Sources */ = {isa = PBXBuildFile; fileRef = A3F783C02CB2C994009E2B2E /* TabViewBootcamp.swift */; };
		A3F783C32CB2D3A2009E2B2E /* IfLetGuardBootcamp.swift in Sources */ = {isa = PBXBuildFile; fileRef = A3F783C22CB2D3A2009E2B2E /* IfLetGuardBootcamp.swift */; };
/* End PBXBuildFile section */

/* Begin PBXFileReference section */
		A37704D02CAEA926009F6CFF /* SwiftfulThinkingBootcamp.app */ = {isa = PBXFileReference; explicitFileType = wrapper.application; includeInIndex = 0; path = SwiftfulThinkingBootcamp.app; sourceTree = BUILT_PRODUCTS_DIR; };
		A37704D32CAEA926009F6CFF /* SwiftfulThinkingBootcampApp.swift */ = {isa = PBXFileReference; lastKnownFileType = sourcecode.swift; path = SwiftfulThinkingBootcampApp.swift; sourceTree = "<group>"; };
		A37704D52CAEA926009F6CFF /* ContentView.swift */ = {isa = PBXFileReference; lastKnownFileType = sourcecode.swift; path = ContentView.swift; sourceTree = "<group>"; };
		A37704D72CAEA928009F6CFF /* Assets.xcassets */ = {isa = PBXFileReference; lastKnownFileType = folder.assetcatalog; path = Assets.xcassets; sourceTree = "<group>"; };
		A37704DA2CAEA928009F6CFF /* Preview Assets.xcassets */ = {isa = PBXFileReference; lastKnownFileType = folder.assetcatalog; path = "Preview Assets.xcassets"; sourceTree = "<group>"; };
		A37704E12CAEABD1009F6CFF /* TextBootcamp.swift */ = {isa = PBXFileReference; lastKnownFileType = sourcecode.swift; path = TextBootcamp.swift; sourceTree = "<group>"; };
		A37704E32CAEB758009F6CFF /* ShapesBootcamp.swift */ = {isa = PBXFileReference; lastKnownFileType = sourcecode.swift; path = ShapesBootcamp.swift; sourceTree = "<group>"; };
		A37704E52CAEBB4B009F6CFF /* ColorsBootcamp.swift */ = {isa = PBXFileReference; lastKnownFileType = sourcecode.swift; path = ColorsBootcamp.swift; sourceTree = "<group>"; };
		A37704E72CAECB11009F6CFF /* GradientsBootcamp.swift */ = {isa = PBXFileReference; lastKnownFileType = sourcecode.swift; path = GradientsBootcamp.swift; sourceTree = "<group>"; };
		A37704E92CAECDAB009F6CFF /* StateBootcamp.swift */ = {isa = PBXFileReference; lastKnownFileType = sourcecode.swift; path = StateBootcamp.swift; sourceTree = "<group>"; };
		A37704EB2CAED51A009F6CFF /* InitializerBootcamp.swift */ = {isa = PBXFileReference; lastKnownFileType = sourcecode.swift; path = InitializerBootcamp.swift; sourceTree = "<group>"; };
		A381C5CC2CAFE04F001BB6C5 /* ExtractedFunctionsBootcamp.swift */ = {isa = PBXFileReference; lastKnownFileType = sourcecode.swift; path = ExtractedFunctionsBootcamp.swift; sourceTree = "<group>"; };
		A381C5CE2CAFE60D001BB6C5 /* ExtractSubViewsBootcamp.swift */ = {isa = PBXFileReference; lastKnownFileType = sourcecode.swift; path = ExtractSubViewsBootcamp.swift; sourceTree = "<group>"; };
		A381C5D02CAFEBB9001BB6C5 /* BindingBootcamp.swift */ = {isa = PBXFileReference; lastKnownFileType = sourcecode.swift; path = BindingBootcamp.swift; sourceTree = "<group>"; };
		A381C5D22CAFF491001BB6C5 /* AnimationBootcamp.swift */ = {isa = PBXFileReference; lastKnownFileType = sourcecode.swift; path = AnimationBootcamp.swift; sourceTree = "<group>"; };
		A381C5D42CAFFF8B001BB6C5 /* AnimationTimingBootcamp.swift */ = {isa = PBXFileReference; lastKnownFileType = sourcecode.swift; path = AnimationTimingBootcamp.swift; sourceTree = "<group>"; };
		A381C5D62CB01CFA001BB6C5 /* TransitionBootcamp.swift */ = {isa = PBXFileReference; lastKnownFileType = sourcecode.swift; path = TransitionBootcamp.swift; sourceTree = "<group>"; };
		A381C5D82CB02764001BB6C5 /* SheetsBootcamp.swift */ = {isa = PBXFileReference; lastKnownFileType = sourcecode.swift; path = SheetsBootcamp.swift; sourceTree = "<group>"; };
		A3F1E4982CB3DA3900D21E29 /* ModelBootcamp.swift */ = {isa = PBXFileReference; lastKnownFileType = sourcecode.swift; path = ModelBootcamp.swift; sourceTree = "<group>"; };
		A3F1E49A2CB3F4AA00D21E29 /* ViewModelBootcamp.swift */ = {isa = PBXFileReference; lastKnownFileType = sourcecode.swift; path = ViewModelBootcamp.swift; sourceTree = "<group>"; };
		A3F783BA2CB286A7009E2B2E /* NavigationViewBootcamp.swift */ = {isa = PBXFileReference; lastKnownFileType = sourcecode.swift; path = NavigationViewBootcamp.swift; sourceTree = "<group>"; };
		A3F783BC2CB29098009E2B2E /* ListBootcamp.swift */ = {isa = PBXFileReference; lastKnownFileType = sourcecode.swift; path = ListBootcamp.swift; sourceTree = "<group>"; };
		A3F783BE2CB297DE009E2B2E /* TextFieldBootcamp.swift */ = {isa = PBXFileReference; lastKnownFileType = sourcecode.swift; path = TextFieldBootcamp.swift; sourceTree = "<group>"; };
		A3F783C02CB2C994009E2B2E /* TabViewBootcamp.swift */ = {isa = PBXFileReference; lastKnownFileType = sourcecode.swift; path = TabViewBootcamp.swift; sourceTree = "<group>"; };
		A3F783C22CB2D3A2009E2B2E /* IfLetGuardBootcamp.swift */ = {isa = PBXFileReference; lastKnownFileType = sourcecode.swift; path = IfLetGuardBootcamp.swift; sourceTree = "<group>"; };
/* End PBXFileReference section */

/* Begin PBXFrameworksBuildPhase section */
		A37704CD2CAEA926009F6CFF /* Frameworks */ = {
			isa = PBXFrameworksBuildPhase;
			buildActionMask = 2147483647;
			files = (
			);
			runOnlyForDeploymentPostprocessing = 0;
		};
/* End PBXFrameworksBuildPhase section */

/* Begin PBXGroup section */
		A37704C72CAEA926009F6CFF = {
			isa = PBXGroup;
			children = (
				A37704D22CAEA926009F6CFF /* SwiftfulThinkingBootcamp */,
				A37704D12CAEA926009F6CFF /* Products */,
			);
			sourceTree = "<group>";
		};
		A37704D12CAEA926009F6CFF /* Products */ = {
			isa = PBXGroup;
			children = (
				A37704D02CAEA926009F6CFF /* SwiftfulThinkingBootcamp.app */,
			);
			name = Products;
			sourceTree = "<group>";
		};
		A37704D22CAEA926009F6CFF /* SwiftfulThinkingBootcamp */ = {
			isa = PBXGroup;
			children = (
				A3F783BE2CB297DE009E2B2E /* TextFieldBootcamp.swift */,
				A3F783BC2CB29098009E2B2E /* ListBootcamp.swift */,
				A37704D32CAEA926009F6CFF /* SwiftfulThinkingBootcampApp.swift */,
				A37704E12CAEABD1009F6CFF /* TextBootcamp.swift */,
				A37704D52CAEA926009F6CFF /* ContentView.swift */,
				A37704E32CAEB758009F6CFF /* ShapesBootcamp.swift */,
				A37704E52CAEBB4B009F6CFF /* ColorsBootcamp.swift */,
				A37704E72CAECB11009F6CFF /* GradientsBootcamp.swift */,
				A37704E92CAECDAB009F6CFF /* StateBootcamp.swift */,
				A37704EB2CAED51A009F6CFF /* InitializerBootcamp.swift */,
				A381C5CC2CAFE04F001BB6C5 /* ExtractedFunctionsBootcamp.swift */,
				A381C5CE2CAFE60D001BB6C5 /* ExtractSubViewsBootcamp.swift */,
				A381C5D02CAFEBB9001BB6C5 /* BindingBootcamp.swift */,
				A381C5D22CAFF491001BB6C5 /* AnimationBootcamp.swift */,
				A381C5D42CAFFF8B001BB6C5 /* AnimationTimingBootcamp.swift */,
				A37704D72CAEA928009F6CFF /* Assets.xcassets */,
				A37704D92CAEA928009F6CFF /* Preview Content */,
				A381C5D62CB01CFA001BB6C5 /* TransitionBootcamp.swift */,
				A381C5D82CB02764001BB6C5 /* SheetsBootcamp.swift */,
				A3F783BA2CB286A7009E2B2E /* NavigationViewBootcamp.swift */,
				A3F783C02CB2C994009E2B2E /* TabViewBootcamp.swift */,
				A3F783C22CB2D3A2009E2B2E /* IfLetGuardBootcamp.swift */,
				A3F1E4982CB3DA3900D21E29 /* ModelBootcamp.swift */,
				A3F1E49A2CB3F4AA00D21E29 /* ViewModelBootcamp.swift */,
			);
			path = SwiftfulThinkingBootcamp;
			sourceTree = "<group>";
		};
		A37704D92CAEA928009F6CFF /* Preview Content */ = {
			isa = PBXGroup;
			children = (
				A37704DA2CAEA928009F6CFF /* Preview Assets.xcassets */,
			);
			path = "Preview Content";
			sourceTree = "<group>";
		};
/* End PBXGroup section */

/* Begin PBXNativeTarget section */
		A37704CF2CAEA926009F6CFF /* SwiftfulThinkingBootcamp */ = {
			isa = PBXNativeTarget;
			buildConfigurationList = A37704DE2CAEA928009F6CFF /* Build configuration list for PBXNativeTarget "SwiftfulThinkingBootcamp" */;
			buildPhases = (
				A37704CC2CAEA926009F6CFF /* Sources */,
				A37704CD2CAEA926009F6CFF /* Frameworks */,
				A37704CE2CAEA926009F6CFF /* Resources */,
			);
			buildRules = (
			);
			dependencies = (
			);
			name = SwiftfulThinkingBootcamp;
			productName = SwiftfulThinkingBootcamp;
			productReference = A37704D02CAEA926009F6CFF /* SwiftfulThinkingBootcamp.app */;
			productType = "com.apple.product-type.application";
		};
/* End PBXNativeTarget section */

/* Begin PBXProject section */
		A37704C82CAEA926009F6CFF /* Project object */ = {
			isa = PBXProject;
			attributes = {
				BuildIndependentTargetsInParallel = 1;
				LastSwiftUpdateCheck = 1520;
				LastUpgradeCheck = 1520;
				TargetAttributes = {
					A37704CF2CAEA926009F6CFF = {
						CreatedOnToolsVersion = 15.2;
					};
				};
			};
			buildConfigurationList = A37704CB2CAEA926009F6CFF /* Build configuration list for PBXProject "SwiftfulThinkingBootcamp" */;
			compatibilityVersion = "Xcode 14.0";
			developmentRegion = en;
			hasScannedForEncodings = 0;
			knownRegions = (
				en,
				Base,
			);
			mainGroup = A37704C72CAEA926009F6CFF;
			productRefGroup = A37704D12CAEA926009F6CFF /* Products */;
			projectDirPath = "";
			projectRoot = "";
			targets = (
				A37704CF2CAEA926009F6CFF /* SwiftfulThinkingBootcamp */,
			);
		};
/* End PBXProject section */

/* Begin PBXResourcesBuildPhase section */
		A37704CE2CAEA926009F6CFF /* Resources */ = {
			isa = PBXResourcesBuildPhase;
			buildActionMask = 2147483647;
			files = (
				A37704DB2CAEA928009F6CFF /* Preview Assets.xcassets in Resources */,
				A37704D82CAEA928009F6CFF /* Assets.xcassets in Resources */,
			);
			runOnlyForDeploymentPostprocessing = 0;
		};
/* End PBXResourcesBuildPhase section */

/* Begin PBXSourcesBuildPhase section */
		A37704CC2CAEA926009F6CFF /* Sources */ = {
			isa = PBXSourcesBuildPhase;
			buildActionMask = 2147483647;
			files = (
				A37704EA2CAECDAB009F6CFF /* StateBootcamp.swift in Sources */,
				A37704E82CAECB11009F6CFF /* GradientsBootcamp.swift in Sources */,
				A381C5CF2CAFE60D001BB6C5 /* ExtractSubViewsBootcamp.swift in Sources */,
				A3F783BD2CB29098009E2B2E /* ListBootcamp.swift in Sources */,
				A381C5D12CAFEBB9001BB6C5 /* BindingBootcamp.swift in Sources */,
				A381C5D52CAFFF8B001BB6C5 /* AnimationTimingBootcamp.swift in Sources */,
				A381C5D72CB01CFA001BB6C5 /* TransitionBootcamp.swift in Sources */,
				A3F1E49B2CB3F4AB00D21E29 /* ViewModelBootcamp.swift in Sources */,
				A3F1E4992CB3DA3900D21E29 /* ModelBootcamp.swift in Sources */,
				A37704E62CAEBB4B009F6CFF /* ColorsBootcamp.swift in Sources */,
				A3F783BF2CB297DE009E2B2E /* TextFieldBootcamp.swift in Sources */,
				A3F783BB2CB286A7009E2B2E /* NavigationViewBootcamp.swift in Sources */,
				A37704E42CAEB758009F6CFF /* ShapesBootcamp.swift in Sources */,
				A37704D62CAEA926009F6CFF /* ContentView.swift in Sources */,
				A381C5D92CB02764001BB6C5 /* SheetsBootcamp.swift in Sources */,
				A37704EC2CAED51A009F6CFF /* InitializerBootcamp.swift in Sources */,
				A37704E22CAEABD1009F6CFF /* TextBootcamp.swift in Sources */,
				A381C5CD2CAFE04F001BB6C5 /* ExtractedFunctionsBootcamp.swift in Sources */,
				A37704D42CAEA926009F6CFF /* SwiftfulThinkingBootcampApp.swift in Sources */,
				A3F783C12CB2C994009E2B2E /* TabViewBootcamp.swift in Sources */,
				A381C5D32CAFF491001BB6C5 /* AnimationBootcamp.swift in Sources */,
				A3F783C32CB2D3A2009E2B2E /* IfLetGuardBootcamp.swift in Sources */,
			);
			runOnlyForDeploymentPostprocessing = 0;
		};
/* End PBXSourcesBuildPhase section */

/* Begin XCBuildConfiguration section */
		A37704DC2CAEA928009F6CFF /* Debug */ = {
			isa = XCBuildConfiguration;
			buildSettings = {
				ALWAYS_SEARCH_USER_PATHS = NO;
				ASSETCATALOG_COMPILER_GENERATE_SWIFT_ASSET_SYMBOL_EXTENSIONS = YES;
				CLANG_ANALYZER_NONNULL = YES;
				CLANG_ANALYZER_NUMBER_OBJECT_CONVERSION = YES_AGGRESSIVE;
				CLANG_CXX_LANGUAGE_STANDARD = "gnu++20";
				CLANG_ENABLE_MODULES = YES;
				CLANG_ENABLE_OBJC_ARC = YES;
				CLANG_ENABLE_OBJC_WEAK = YES;
				CLANG_WARN_BLOCK_CAPTURE_AUTORELEASING = YES;
				CLANG_WARN_BOOL_CONVERSION = YES;
				CLANG_WARN_COMMA = YES;
				CLANG_WARN_CONSTANT_CONVERSION = YES;
				CLANG_WARN_DEPRECATED_OBJC_IMPLEMENTATIONS = YES;
				CLANG_WARN_DIRECT_OBJC_ISA_USAGE = YES_ERROR;
				CLANG_WARN_DOCUMENTATION_COMMENTS = YES;
				CLANG_WARN_EMPTY_BODY = YES;
				CLANG_WARN_ENUM_CONVERSION = YES;
				CLANG_WARN_INFINITE_RECURSION = YES;
				CLANG_WARN_INT_CONVERSION = YES;
				CLANG_WARN_NON_LITERAL_NULL_CONVERSION = YES;
				CLANG_WARN_OBJC_IMPLICIT_RETAIN_SELF = YES;
				CLANG_WARN_OBJC_LITERAL_CONVERSION = YES;
				CLANG_WARN_OBJC_ROOT_CLASS = YES_ERROR;
				CLANG_WARN_QUOTED_INCLUDE_IN_FRAMEWORK_HEADER = YES;
				CLANG_WARN_RANGE_LOOP_ANALYSIS = YES;
				CLANG_WARN_STRICT_PROTOTYPES = YES;
				CLANG_WARN_SUSPICIOUS_MOVE = YES;
				CLANG_WARN_UNGUARDED_AVAILABILITY = YES_AGGRESSIVE;
				CLANG_WARN_UNREACHABLE_CODE = YES;
				CLANG_WARN__DUPLICATE_METHOD_MATCH = YES;
				COPY_PHASE_STRIP = NO;
				DEBUG_INFORMATION_FORMAT = dwarf;
				ENABLE_STRICT_OBJC_MSGSEND = YES;
				ENABLE_TESTABILITY = YES;
				ENABLE_USER_SCRIPT_SANDBOXING = YES;
				GCC_C_LANGUAGE_STANDARD = gnu17;
				GCC_DYNAMIC_NO_PIC = NO;
				GCC_NO_COMMON_BLOCKS = YES;
				GCC_OPTIMIZATION_LEVEL = 0;
				GCC_PREPROCESSOR_DEFINITIONS = (
					"DEBUG=1",
					"$(inherited)",
				);
				GCC_WARN_64_TO_32_BIT_CONVERSION = YES;
				GCC_WARN_ABOUT_RETURN_TYPE = YES_ERROR;
				GCC_WARN_UNDECLARED_SELECTOR = YES;
				GCC_WARN_UNINITIALIZED_AUTOS = YES_AGGRESSIVE;
				GCC_WARN_UNUSED_FUNCTION = YES;
				GCC_WARN_UNUSED_VARIABLE = YES;
				IPHONEOS_DEPLOYMENT_TARGET = 17.2;
				LOCALIZATION_PREFERS_STRING_CATALOGS = YES;
				MTL_ENABLE_DEBUG_INFO = INCLUDE_SOURCE;
				MTL_FAST_MATH = YES;
				ONLY_ACTIVE_ARCH = YES;
				SDKROOT = iphoneos;
				SWIFT_ACTIVE_COMPILATION_CONDITIONS = "DEBUG $(inherited)";
				SWIFT_OPTIMIZATION_LEVEL = "-Onone";
			};
			name = Debug;
		};
		A37704DD2CAEA928009F6CFF /* Release */ = {
			isa = XCBuildConfiguration;
			buildSettings = {
				ALWAYS_SEARCH_USER_PATHS = NO;
				ASSETCATALOG_COMPILER_GENERATE_SWIFT_ASSET_SYMBOL_EXTENSIONS = YES;
				CLANG_ANALYZER_NONNULL = YES;
				CLANG_ANALYZER_NUMBER_OBJECT_CONVERSION = YES_AGGRESSIVE;
				CLANG_CXX_LANGUAGE_STANDARD = "gnu++20";
				CLANG_ENABLE_MODULES = YES;
				CLANG_ENABLE_OBJC_ARC = YES;
				CLANG_ENABLE_OBJC_WEAK = YES;
				CLANG_WARN_BLOCK_CAPTURE_AUTORELEASING = YES;
				CLANG_WARN_BOOL_CONVERSION = YES;
				CLANG_WARN_COMMA = YES;
				CLANG_WARN_CONSTANT_CONVERSION = YES;
				CLANG_WARN_DEPRECATED_OBJC_IMPLEMENTATIONS = YES;
				CLANG_WARN_DIRECT_OBJC_ISA_USAGE = YES_ERROR;
				CLANG_WARN_DOCUMENTATION_COMMENTS = YES;
				CLANG_WARN_EMPTY_BODY = YES;
				CLANG_WARN_ENUM_CONVERSION = YES;
				CLANG_WARN_INFINITE_RECURSION = YES;
				CLANG_WARN_INT_CONVERSION = YES;
				CLANG_WARN_NON_LITERAL_NULL_CONVERSION = YES;
				CLANG_WARN_OBJC_IMPLICIT_RETAIN_SELF = YES;
				CLANG_WARN_OBJC_LITERAL_CONVERSION = YES;
				CLANG_WARN_OBJC_ROOT_CLASS = YES_ERROR;
				CLANG_WARN_QUOTED_INCLUDE_IN_FRAMEWORK_HEADER = YES;
				CLANG_WARN_RANGE_LOOP_ANALYSIS = YES;
				CLANG_WARN_STRICT_PROTOTYPES = YES;
				CLANG_WARN_SUSPICIOUS_MOVE = YES;
				CLANG_WARN_UNGUARDED_AVAILABILITY = YES_AGGRESSIVE;
				CLANG_WARN_UNREACHABLE_CODE = YES;
				CLANG_WARN__DUPLICATE_METHOD_MATCH = YES;
				COPY_PHASE_STRIP = NO;
				DEBUG_INFORMATION_FORMAT = "dwarf-with-dsym";
				ENABLE_NS_ASSERTIONS = NO;
				ENABLE_STRICT_OBJC_MSGSEND = YES;
				ENABLE_USER_SCRIPT_SANDBOXING = YES;
				GCC_C_LANGUAGE_STANDARD = gnu17;
				GCC_NO_COMMON_BLOCKS = YES;
				GCC_WARN_64_TO_32_BIT_CONVERSION = YES;
				GCC_WARN_ABOUT_RETURN_TYPE = YES_ERROR;
				GCC_WARN_UNDECLARED_SELECTOR = YES;
				GCC_WARN_UNINITIALIZED_AUTOS = YES_AGGRESSIVE;
				GCC_WARN_UNUSED_FUNCTION = YES;
				GCC_WARN_UNUSED_VARIABLE = YES;
				IPHONEOS_DEPLOYMENT_TARGET = 17.2;
				LOCALIZATION_PREFERS_STRING_CATALOGS = YES;
				MTL_ENABLE_DEBUG_INFO = NO;
				MTL_FAST_MATH = YES;
				SDKROOT = iphoneos;
				SWIFT_COMPILATION_MODE = wholemodule;
				VALIDATE_PRODUCT = YES;
			};
			name = Release;
		};
		A37704DF2CAEA928009F6CFF /* Debug */ = {
			isa = XCBuildConfiguration;
			buildSettings = {
				ASSETCATALOG_COMPILER_APPICON_NAME = AppIcon;
				ASSETCATALOG_COMPILER_GLOBAL_ACCENT_COLOR_NAME = AccentColor;
				CODE_SIGN_STYLE = Automatic;
				CURRENT_PROJECT_VERSION = 1;
				DEVELOPMENT_ASSET_PATHS = "\"SwiftfulThinkingBootcamp/Preview Content\"";
				ENABLE_PREVIEWS = YES;
				GENERATE_INFOPLIST_FILE = YES;
				INFOPLIST_KEY_UIApplicationSceneManifest_Generation = YES;
				INFOPLIST_KEY_UIApplicationSupportsIndirectInputEvents = YES;
				INFOPLIST_KEY_UILaunchScreen_Generation = YES;
				INFOPLIST_KEY_UISupportedInterfaceOrientations_iPad = "UIInterfaceOrientationPortrait UIInterfaceOrientationPortraitUpsideDown UIInterfaceOrientationLandscapeLeft UIInterfaceOrientationLandscapeRight";
				INFOPLIST_KEY_UISupportedInterfaceOrientations_iPhone = "UIInterfaceOrientationPortrait UIInterfaceOrientationLandscapeLeft UIInterfaceOrientationLandscapeRight";
				LD_RUNPATH_SEARCH_PATHS = (
					"$(inherited)",
					"@executable_path/Frameworks",
				);
				MARKETING_VERSION = 1.0;
				PRODUCT_BUNDLE_IDENTIFIER = com.tayamirai.SwiftfulThinkingBootcamp;
				PRODUCT_NAME = "$(TARGET_NAME)";
				SWIFT_EMIT_LOC_STRINGS = YES;
				SWIFT_VERSION = 5.0;
				TARGETED_DEVICE_FAMILY = "1,2";
			};
			name = Debug;
		};
		A37704E02CAEA928009F6CFF /* Release */ = {
			isa = XCBuildConfiguration;
			buildSettings = {
				ASSETCATALOG_COMPILER_APPICON_NAME = AppIcon;
				ASSETCATALOG_COMPILER_GLOBAL_ACCENT_COLOR_NAME = AccentColor;
				CODE_SIGN_STYLE = Automatic;
				CURRENT_PROJECT_VERSION = 1;
				DEVELOPMENT_ASSET_PATHS = "\"SwiftfulThinkingBootcamp/Preview Content\"";
				ENABLE_PREVIEWS = YES;
				GENERATE_INFOPLIST_FILE = YES;
				INFOPLIST_KEY_UIApplicationSceneManifest_Generation = YES;
				INFOPLIST_KEY_UIApplicationSupportsIndirectInputEvents = YES;
				INFOPLIST_KEY_UILaunchScreen_Generation = YES;
				INFOPLIST_KEY_UISupportedInterfaceOrientations_iPad = "UIInterfaceOrientationPortrait UIInterfaceOrientationPortraitUpsideDown UIInterfaceOrientationLandscapeLeft UIInterfaceOrientationLandscapeRight";
				INFOPLIST_KEY_UISupportedInterfaceOrientations_iPhone = "UIInterfaceOrientationPortrait UIInterfaceOrientationLandscapeLeft UIInterfaceOrientationLandscapeRight";
				LD_RUNPATH_SEARCH_PATHS = (
					"$(inherited)",
					"@executable_path/Frameworks",
				);
				MARKETING_VERSION = 1.0;
				PRODUCT_BUNDLE_IDENTIFIER = com.tayamirai.SwiftfulThinkingBootcamp;
				PRODUCT_NAME = "$(TARGET_NAME)";
				SWIFT_EMIT_LOC_STRINGS = YES;
				SWIFT_VERSION = 5.0;
				TARGETED_DEVICE_FAMILY = "1,2";
			};
			name = Release;
		};
/* End XCBuildConfiguration section */

/* Begin XCConfigurationList section */
		A37704CB2CAEA926009F6CFF /* Build configuration list for PBXProject "SwiftfulThinkingBootcamp" */ = {
			isa = XCConfigurationList;
			buildConfigurations = (
				A37704DC2CAEA928009F6CFF /* Debug */,
				A37704DD2CAEA928009F6CFF /* Release */,
			);
			defaultConfigurationIsVisible = 0;
			defaultConfigurationName = Release;
		};
		A37704DE2CAEA928009F6CFF /* Build configuration list for PBXNativeTarget "SwiftfulThinkingBootcamp" */ = {
			isa = XCConfigurationList;
			buildConfigurations = (
				A37704DF2CAEA928009F6CFF /* Debug */,
				A37704E02CAEA928009F6CFF /* Release */,
			);
			defaultConfigurationIsVisible = 0;
			defaultConfigurationName = Release;
		};
/* End XCConfigurationList section */
	};
	rootObject = A37704C82CAEA926009F6CFF /* Project object */;
}
